
Microsoft Visual Studio Solution File, Format Version 12.00
# Visual Studio 15
VisualStudioVersion = 15.0.26730.16
MinimumVisualStudioVersion = 10.0.40219.1
Project("{9A19103F-16F7-4668-BE54-9A1E7A4F7556}") = "ScrapeTest", "ScrapeTest.csproj", "{3FCFA38C-D836-4351-9CFB-68B4E0AE70A3}"
EndProject
Global
	GlobalSection(SolutionConfigurationPlatforms) = preSolution
		Debug|Any CPU = Debug|Any CPU
		Release|Any CPU = Release|Any CPU
	EndGlobalSection
	GlobalSection(ProjectConfigurationPlatforms) = postSolution
		{3FCFA38C-D836-4351-9CFB-68B4E0AE70A3}.Debug|Any CPU.ActiveCfg = Debug|Any CPU
		{3FCFA38C-D836-4351-9CFB-68B4E0AE70A3}.Debug|Any CPU.Build.0 = Debug|Any CPU
		{3FCFA38C-D836-4351-9CFB-68B4E0AE70A3}.Release|Any CPU.ActiveCfg = Release|Any CPU
		{3FCFA38C-D836-4351-9CFB-68B4E0AE70A3}.Release|Any CPU.Build.0 = Release|Any CPU
	EndGlobalSection
	GlobalSection(SolutionProperties) = preSolution
		HideSolutionNode = FALSE
	EndGlobalSection
	GlobalSection(ExtensibilityGlobals) = postSolution
		SolutionGuid = {10E95693-5C9C-4334-85D7-CF78F1F1F9E8}
	EndGlobalSection
EndGlobal
